
Microsoft Visual Studio Solution File, Format Version 12.00
# Visual Studio Version 17
VisualStudioVersion = 17.12.35506.116
MinimumVisualStudioVersion = 10.0.40219.1
Project("{FAE04EC0-301F-11D3-BF4B-00C04F79EFBC}") = "ASPWebAPI.Api", "ASPWebAPI\ASPWebAPI.Api.csproj", "{2162AB53-00B7-4227-B3EB-BE056C426946}"
EndProject
Project("{FAE04EC0-301F-11D3-BF4B-00C04F79EFBC}") = "ASPWebAPI.BLL", "ASPWebAPI.Application\ASPWebAPI.BLL.csproj", "{554E644C-A78A-462E-9220-38F3099F5DBC}"
EndProject
Project("{FAE04EC0-301F-11D3-BF4B-00C04F79EFBC}") = "ASPWebAPI.Domain", "ASPWebAPI.Domain\ASPWebAPI.Domain.csproj", "{320549FC-9300-4DB9-8FB5-2090FE96EA21}"
EndProject
Project("{FAE04EC0-301F-11D3-BF4B-00C04F79EFBC}") = "ASPWebAPI.Infrastructure", "ASPWebAPI.Infrastructure\ASPWebAPI.Infrastructure.csproj", "{AAC9FF5D-7E24-4720-9E72-A749255D0B85}"
EndProject
Project("{FAE04EC0-301F-11D3-BF4B-00C04F79EFBC}") = "ASPWebAPI.DAL.Dapper", "ASPWebAPI.DAL\ASPWebAPI.DAL.Dapper.csproj", "{2D9BAEB0-8033-4A85-8F32-AEBA0FBE39E2}"
EndProject
Project("{FAE04EC0-301F-11D3-BF4B-00C04F79EFBC}") = "ASPWebAPI.DTOs", "ASPWebAPI.DTOs\ASPWebAPI.DTOs.csproj", "{BE5B0790-62E9-43F5-919B-72AFFEB6189F}"
EndProject
Project("{FAE04EC0-301F-11D3-BF4B-00C04F79EFBC}") = "ASPWebAPI.DAL.EF", "ASPWebAPI.DAL.EF\ASPWebAPI.DAL.EF.csproj", "{F51ECFBF-4F6C-46E0-B15F-76B143977741}"
EndProject
Project("{FAE04EC0-301F-11D3-BF4B-00C04F79EFBC}") = "ASPWebAPI.Tests", "ASPWebAPI.Tests\ASPWebAPI.Tests.csproj", "{E9D0E84F-100A-49FC-8D64-51B63AF943D3}"
EndProject
Global
	GlobalSection(SolutionConfigurationPlatforms) = preSolution
		Debug|Any CPU = Debug|Any CPU
		Release|Any CPU = Release|Any CPU
	EndGlobalSection
	GlobalSection(ProjectConfigurationPlatforms) = postSolution
		{2162AB53-00B7-4227-B3EB-BE056C426946}.Debug|Any CPU.ActiveCfg = Debug|Any CPU
		{2162AB53-00B7-4227-B3EB-BE056C426946}.Debug|Any CPU.Build.0 = Debug|Any CPU
		{2162AB53-00B7-4227-B3EB-BE056C426946}.Release|Any CPU.ActiveCfg = Release|Any CPU
		{2162AB53-00B7-4227-B3EB-BE056C426946}.Release|Any CPU.Build.0 = Release|Any CPU
		{554E644C-A78A-462E-9220-38F3099F5DBC}.Debug|Any CPU.ActiveCfg = Debug|Any CPU
		{554E644C-A78A-462E-9220-38F3099F5DBC}.Debug|Any CPU.Build.0 = Debug|Any CPU
		{554E644C-A78A-462E-9220-38F3099F5DBC}.Release|Any CPU.ActiveCfg = Release|Any CPU
		{554E644C-A78A-462E-9220-38F3099F5DBC}.Release|Any CPU.Build.0 = Release|Any CPU
		{320549FC-9300-4DB9-8FB5-2090FE96EA21}.Debug|Any CPU.ActiveCfg = Debug|Any CPU
		{320549FC-9300-4DB9-8FB5-2090FE96EA21}.Debug|Any CPU.Build.0 = Debug|Any CPU
		{320549FC-9300-4DB9-8FB5-2090FE96EA21}.Release|Any CPU.ActiveCfg = Release|Any CPU
		{320549FC-9300-4DB9-8FB5-2090FE96EA21}.Release|Any CPU.Build.0 = Release|Any CPU
		{AAC9FF5D-7E24-4720-9E72-A749255D0B85}.Debug|Any CPU.ActiveCfg = Debug|Any CPU
		{AAC9FF5D-7E24-4720-9E72-A749255D0B85}.Debug|Any CPU.Build.0 = Debug|Any CPU
		{AAC9FF5D-7E24-4720-9E72-A749255D0B85}.Release|Any CPU.ActiveCfg = Release|Any CPU
		{AAC9FF5D-7E24-4720-9E72-A749255D0B85}.Release|Any CPU.Build.0 = Release|Any CPU
		{2D9BAEB0-8033-4A85-8F32-AEBA0FBE39E2}.Debug|Any CPU.ActiveCfg = Debug|Any CPU
		{2D9BAEB0-8033-4A85-8F32-AEBA0FBE39E2}.Debug|Any CPU.Build.0 = Debug|Any CPU
		{2D9BAEB0-8033-4A85-8F32-AEBA0FBE39E2}.Release|Any CPU.ActiveCfg = Release|Any CPU
		{2D9BAEB0-8033-4A85-8F32-AEBA0FBE39E2}.Release|Any CPU.Build.0 = Release|Any CPU
		{BE5B0790-62E9-43F5-919B-72AFFEB6189F}.Debug|Any CPU.ActiveCfg = Debug|Any CPU
		{BE5B0790-62E9-43F5-919B-72AFFEB6189F}.Debug|Any CPU.Build.0 = Debug|Any CPU
		{BE5B0790-62E9-43F5-919B-72AFFEB6189F}.Release|Any CPU.ActiveCfg = Release|Any CPU
		{BE5B0790-62E9-43F5-919B-72AFFEB6189F}.Release|Any CPU.Build.0 = Release|Any CPU
		{F51ECFBF-4F6C-46E0-B15F-76B143977741}.Debug|Any CPU.ActiveCfg = Debug|Any CPU
		{F51ECFBF-4F6C-46E0-B15F-76B143977741}.Debug|Any CPU.Build.0 = Debug|Any CPU
		{F51ECFBF-4F6C-46E0-B15F-76B143977741}.Release|Any CPU.ActiveCfg = Release|Any CPU
		{F51ECFBF-4F6C-46E0-B15F-76B143977741}.Release|Any CPU.Build.0 = Release|Any CPU
		{E9D0E84F-100A-49FC-8D64-51B63AF943D3}.Debug|Any CPU.ActiveCfg = Debug|Any CPU
		{E9D0E84F-100A-49FC-8D64-51B63AF943D3}.Debug|Any CPU.Build.0 = Debug|Any CPU
		{E9D0E84F-100A-49FC-8D64-51B63AF943D3}.Release|Any CPU.ActiveCfg = Release|Any CPU
		{E9D0E84F-100A-49FC-8D64-51B63AF943D3}.Release|Any CPU.Build.0 = Release|Any CPU
	EndGlobalSection
	GlobalSection(SolutionProperties) = preSolution
		HideSolutionNode = FALSE
	EndGlobalSection
EndGlobal
